dependencies:
  idf:
    component_hash: null
    source:
      type: idf
    version: 5.2.1
  protocol_examples_common:
    component_hash: null
    source:
      path: D:\DH\Lumi\ESPRESSIF\Espressif\v5.2.1\esp-idf\examples\common_components\protocol_examples_common
      type: local
    version: '*'
manifest_hash: 42f2155fc66b8d9c406e4608348f2de8bbf47dfd9cc54cc2d66fe641bdefcb99
target: esp32
version: 1.0.0
